
Microsoft Visual Studio Solution File, Format Version 12.00
# Visual Studio Version 16
VisualStudioVersion = 16.0.29102.190
MinimumVisualStudioVersion = 10.0.40219.1
Project("{FAE04EC0-301F-11D3-BF4B-00C04F79EFBC}") = "TicTacToe", "TicTacToe.csproj", "{99E26C3B-A6BA-48A2-85E3-9FFAEE05FD85}"
EndProject
Global
	GlobalSection(SolutionConfigurationPlatforms) = preSolution
		Debug|Any CPU = Debug|Any CPU
		Release|Any CPU = Release|Any CPU
	EndGlobalSection
	GlobalSection(ProjectConfigurationPlatforms) = postSolution
		{99E26C3B-A6BA-48A2-85E3-9FFAEE05FD85}.Debug|Any CPU.ActiveCfg = Debug|Any CPU
		{99E26C3B-A6BA-48A2-85E3-9FFAEE05FD85}.Debug|Any CPU.Build.0 = Debug|Any CPU
		{99E26C3B-A6BA-48A2-85E3-9FFAEE05FD85}.Release|Any CPU.ActiveCfg = Release|Any CPU
		{99E26C3B-A6BA-48A2-85E3-9FFAEE05FD85}.Release|Any CPU.Build.0 = Release|Any CPU
	EndGlobalSection
	GlobalSection(SolutionProperties) = preSolution
		HideSolutionNode = FALSE
	EndGlobalSection
	GlobalSection(ExtensibilityGlobals) = postSolution
		SolutionGuid = {7002E614-A4A7-4382-B99B-1E5FD1005B22}
	EndGlobalSection
EndGlobal
